
Microsoft Visual Studio Solution File, Format Version 12.00
# Visual Studio Version 17
VisualStudioVersion = 17.1.32228.430
MinimumVisualStudioVersion = 10.0.40219.1
Project("{FAE04EC0-301F-11D3-BF4B-00C04F79EFBC}") = "Rotate Array", "Rotate Array\Rotate Array.csproj", "{2BAC7522-7157-49B1-8D30-996A4A505C18}"
EndProject
Project("{FAE04EC0-301F-11D3-BF4B-00C04F79EFBC}") = "Missing number in an array", "Missing number in an array\Missing number in an array.csproj", "{053C22DE-DAF0-4928-AC66-1ED335EAE540}"
EndProject
Project("{FAE04EC0-301F-11D3-BF4B-00C04F79EFBC}") = "Count the zeros", "Count the zeros\Count the zeros.csproj", "{1E625CDB-0C04-464D-9DC7-7C6E7A32BC5C}"
EndProject
Project("{FAE04EC0-301F-11D3-BF4B-00C04F79EFBC}") = "Consecutive Elements", "Consecutive Elements\Consecutive Elements.csproj", "{43168446-2233-4369-BEB2-35957BC84B25}"
EndProject
Project("{FAE04EC0-301F-11D3-BF4B-00C04F79EFBC}") = "Count occurrences of anagram", "Count occurrences of anagram\Count occurrences of anagram.csproj", "{5294628A-8D69-47BC-894D-95D2EC46D670}"
EndProject
Project("{FAE04EC0-301F-11D3-BF4B-00C04F79EFBC}") = "Largest number formed from array", "Largest number formed from array\Largest number formed from array.csproj", "{842E304B-4FEA-49CE-93DA-2B9BDA21382F}"
EndProject
Project("{FAE04EC0-301F-11D3-BF4B-00C04F79EFBC}") = "Reverse each word in string", "Reverse each word in string\Reverse each word in string.csproj", "{4CFC7DE6-6D78-49F0-9AE2-746043664210}"
EndProject
Project("{FAE04EC0-301F-11D3-BF4B-00C04F79EFBC}") = "Permutations of string", "Permutations of string\Permutations of string.csproj", "{B36F1692-9994-4BE2-B313-43669A693DFB}"
EndProject
Project("{FAE04EC0-301F-11D3-BF4B-00C04F79EFBC}") = "Element appearing only once", "Element appearing only once\Element appearing only once.csproj", "{D00B6633-E74B-4267-9E8B-C9CA6BD37860}"
EndProject
Project("{FAE04EC0-301F-11D3-BF4B-00C04F79EFBC}") = "Floor in sorted array", "Floor in sorted array\Floor in sorted array.csproj", "{8C0B3109-2E48-4297-9C5B-5221EA603179}"
EndProject
Project("{FAE04EC0-301F-11D3-BF4B-00C04F79EFBC}") = "MergeTwoStrings", "MergeTwoStrings\MergeTwoStrings.csproj", "{10308DA4-EEDD-4033-B6D3-8C256B13F173}"
EndProject
Project("{FAE04EC0-301F-11D3-BF4B-00C04F79EFBC}") = "Non Repeating Element", "Non Repeating Element\Non Repeating Element.csproj", "{FAA0153D-9BB9-4BD1-90FF-8148C0A0CFFA}"
EndProject
Project("{FAE04EC0-301F-11D3-BF4B-00C04F79EFBC}") = "Balanced Array", "Balanced Array\Balanced Array.csproj", "{11195B31-66C1-4EDE-BB03-CDCEB909494A}"
EndProject
Project("{FAE04EC0-301F-11D3-BF4B-00C04F79EFBC}") = "Greater on the right side", "Greater on the right side\Greater on the right side.csproj", "{DD950BBD-39D4-47DD-A1D1-E1E7E2B73D65}"
EndProject
Project("{FAE04EC0-301F-11D3-BF4B-00C04F79EFBC}") = "Find first and last occurrence of x", "Find first and last occurrence of x\Find first and last occurrence of x.csproj", "{17119109-700B-4B45-A33A-F0C52AE024FE}"
EndProject
Project("{FAE04EC0-301F-11D3-BF4B-00C04F79EFBC}") = "Last index of one", "Last index of one\Last index of one.csproj", "{A1CC42D2-9CFE-45C1-BEAC-E79D3E1E8CB6}"
EndProject
Project("{FAE04EC0-301F-11D3-BF4B-00C04F79EFBC}") = "K-th element of two sorted Arrays", "K-th element of two sorted Arrays\K-th element of two sorted Arrays.csproj", "{4C8660F7-5E98-4996-B01A-487B60083743}"
EndProject
Project("{FAE04EC0-301F-11D3-BF4B-00C04F79EFBC}") = "Sort an array of 0s, 1s and 2s", "Sort an array of 0s, 1s and 2s\Sort an array of 0s, 1s and 2s.csproj", "{A8180057-17B3-40B2-A574-DBC9196AD74A}"
EndProject
Project("{FAE04EC0-301F-11D3-BF4B-00C04F79EFBC}") = "Set bits", "Set bits\Set bits.csproj", "{C21EB273-EC07-4F95-9675-835A6D038848}"
EndProject
Project("{FAE04EC0-301F-11D3-BF4B-00C04F79EFBC}") = "Left rotate array by one", "Left rotate array by one\Left rotate array by one.csproj", "{49748FEF-B431-42BE-8764-E6EE84E6C2DE}"
EndProject
Project("{FAE04EC0-301F-11D3-BF4B-00C04F79EFBC}") = "Left rotate by d positions", "Left rotate by d positions\Left rotate by d positions.csproj", "{B05C3E42-FFD1-4CB7-B51A-A4D584E595B5}"
EndProject
Project("{FAE04EC0-301F-11D3-BF4B-00C04F79EFBC}") = "Right rotate array by d", "Right rotate array by d\Right rotate array by d.csproj", "{F9280D9A-080E-4C7A-8A05-F55828FC0587}"
EndProject
Project("{FAE04EC0-301F-11D3-BF4B-00C04F79EFBC}") = "Leaders in array", "Leaders in array\Leaders in array.csproj", "{92AFE8D6-60B5-4CF1-BA32-9C8DB22322D1}"
EndProject
Project("{FAE04EC0-301F-11D3-BF4B-00C04F79EFBC}") = "Frequencies in A Sorted Array", "Frequencies in A Sorted Array\Frequencies in A Sorted Array.csproj", "{4D7541EC-8F29-47DF-B03E-1A0520B8955D}"
EndProject
Project("{FAE04EC0-301F-11D3-BF4B-00C04F79EFBC}") = "Tapping Rain Water", "Tapping Rain Water\Tapping Rain Water.csproj", "{F1D79CFC-7E8E-4C61-84B8-AE6EEF46B6A0}"
EndProject
Project("{FAE04EC0-301F-11D3-BF4B-00C04F79EFBC}") = "Maximum consecutive ones", "Maximum consecutive ones\Maximum consecutive ones.csproj", "{090F37D9-3755-49AB-B9EB-B12BA0B9664D}"
EndProject
Project("{FAE04EC0-301F-11D3-BF4B-00C04F79EFBC}") = "Maximum Subarray", "Maximum Subarray\Maximum Subarray.csproj", "{B853F991-731D-4D22-966C-0813AE91FA44}"
EndProject
Project("{2150E333-8FDC-42A3-9474-1A3956D46DE8}") = "Udemy", "Udemy", "{3083684A-E289-4407-ABD8-9A7FC2FFE032}"
EndProject
Project("{FAE04EC0-301F-11D3-BF4B-00C04F79EFBC}") = "Sum of n natural numbers Recursion", "Sum of n natural numbers Recursion\Sum of n natural numbers Recursion.csproj", "{8034989A-B91E-4BD1-A7CC-1F8976227C09}"
EndProject
Project("{FAE04EC0-301F-11D3-BF4B-00C04F79EFBC}") = "Taylor series using Horner rule", "Taylor series using Horner rule\Taylor series using Horner rule.csproj", "{CF079E8A-2650-49C6-A56A-6A7E3EAAF392}"
EndProject
Project("{FAE04EC0-301F-11D3-BF4B-00C04F79EFBC}") = "Tower of Hanoi", "Tower of Hanoi\Tower of Hanoi.csproj", "{FCA6DC24-DADE-4F50-8EDB-09C06CBED445}"
EndProject
Project("{FAE04EC0-301F-11D3-BF4B-00C04F79EFBC}") = "Fibnonacci Series", "Fibnonacci Series\Fibnonacci Series.csproj", "{C7251EF2-D3BE-4404-9330-2BF924CD03A2}"
EndProject
Project("{FAE04EC0-301F-11D3-BF4B-00C04F79EFBC}") = "Basic ND array opereations", "Basic ND array opereations\Basic ND array opereations.csproj", "{B9196682-016E-41A7-ADEE-366A43A35B44}"
EndProject
Project("{FAE04EC0-301F-11D3-BF4B-00C04F79EFBC}") = "Binary Search", "Binary Search\Binary Search.csproj", "{891CFEDF-649D-43DA-9F84-C95B739744AC}"
EndProject
Project("{FAE04EC0-301F-11D3-BF4B-00C04F79EFBC}") = "Reverse an array", "Reverse an array\Reverse an array.csproj", "{2A7F7E60-CEAF-4AAC-8A65-D286257257D3}"
EndProject
Project("{FAE04EC0-301F-11D3-BF4B-00C04F79EFBC}") = "Insert in a sorted array", "Insert in a sorted array\Insert in a sorted array.csproj", "{173916AF-AE54-4448-A457-702D7E5EC370}"
EndProject
Project("{FAE04EC0-301F-11D3-BF4B-00C04F79EFBC}") = "Check if array is sorted", "Check if array is sorted\Check if array is sorted.csproj", "{44CF3EA4-11C2-4055-8834-B97F0206C8E6}"
EndProject
Project("{FAE04EC0-301F-11D3-BF4B-00C04F79EFBC}") = "Sort Negative numbers followed by positive", "Sort Negative numbers followed by positive\Sort Negative numbers followed by positive.csproj", "{EAFC5470-2A42-4AD6-8776-D3D6D1D8B300}"
EndProject
Project("{FAE04EC0-301F-11D3-BF4B-00C04F79EFBC}") = "Merge arrays", "Merge arrays\Merge arrays.csproj", "{89AFDBE5-4911-4531-A400-1E8F07A0B4F7}"
EndProject
Project("{FAE04EC0-301F-11D3-BF4B-00C04F79EFBC}") = "Missing Number", "Missing Number\Missing Number.csproj", "{F832A881-031F-40A8-877F-49B88C6BE766}"
EndProject
Project("{FAE04EC0-301F-11D3-BF4B-00C04F79EFBC}") = "Find multiple missing numbers in array", "Find multiple missing numbers in array\Find multiple missing numbers in array.csproj", "{DBAB43F4-2BBD-4458-8EE3-350A6662A4D3}"
EndProject
Project("{FAE04EC0-301F-11D3-BF4B-00C04F79EFBC}") = "Two Sum", "Two Sum\Two Sum.csproj", "{B529EF95-ADB5-4218-A4A7-1B191A23F4E4}"
EndProject
Project("{2150E333-8FDC-42A3-9474-1A3956D46DE8}") = "Sorting Algorithms", "Sorting Algorithms", "{F3F4F6F3-4C08-4C52-88CA-B9852BF4E452}"
EndProject
Project("{FAE04EC0-301F-11D3-BF4B-00C04F79EFBC}") = "BubbleSort", "BubbleSort\BubbleSort.csproj", "{4B039AA1-6171-40EC-AB2B-FB46A6767DEC}"
EndProject
Project("{FAE04EC0-301F-11D3-BF4B-00C04F79EFBC}") = "Insertion Sort", "Insertion Sort\Insertion Sort.csproj", "{CD98AD29-A41B-4F22-9DA6-EB6BD40B66CC}"
EndProject
Project("{FAE04EC0-301F-11D3-BF4B-00C04F79EFBC}") = "Selection Sort", "Selection Sort\Selection Sort.csproj", "{F5C8652D-747E-4025-AD45-3F36631A3120}"
EndProject
Project("{FAE04EC0-301F-11D3-BF4B-00C04F79EFBC}") = "Quick Sort", "Quick Sort\Quick Sort.csproj", "{CE0BBF31-4D34-4241-88CB-A28EE45E8769}"
EndProject
Project("{FAE04EC0-301F-11D3-BF4B-00C04F79EFBC}") = "Merge Sort-TwoLists in Third List", "Merge Sort-TwoLists in Third List\Merge Sort-TwoLists in Third List.csproj", "{2AA715CC-BB1F-4667-9CB6-E14A272718C8}"
EndProject
Project("{FAE04EC0-301F-11D3-BF4B-00C04F79EFBC}") = "Merge Sort", "Merge Sort\Merge Sort.csproj", "{A2C106B1-8D45-46B6-8237-2C58468A240F}"
EndProject
Project("{FAE04EC0-301F-11D3-BF4B-00C04F79EFBC}") = "Count Sort", "Count Sort\Count Sort.csproj", "{8B7D5F3F-9A03-4C6E-931E-30AAAD4529EB}"
EndProject
Project("{FAE04EC0-301F-11D3-BF4B-00C04F79EFBC}") = "Shell Sort", "Shell Sort\Shell Sort.csproj", "{5661AE4D-8400-490A-A77E-E2B69EA4145E}"
EndProject
Project("{2150E333-8FDC-42A3-9474-1A3956D46DE8}") = "Trees", "Trees", "{9220D2FD-FA6C-43A0-839B-353701E77955}"
EndProject
Project("{FAE04EC0-301F-11D3-BF4B-00C04F79EFBC}") = "Bottom View of Binary Tree", "Bottom View of Binary Tree\Bottom View of Binary Tree.csproj", "{03144B87-40F8-4288-908B-342684CB0195}"
EndProject
Global
	GlobalSection(SolutionConfigurationPlatforms) = preSolution
		Debug|Any CPU = Debug|Any CPU
		Release|Any CPU = Release|Any CPU
	EndGlobalSection
	GlobalSection(ProjectConfigurationPlatforms) = postSolution
		{2BAC7522-7157-49B1-8D30-996A4A505C18}.Debug|Any CPU.ActiveCfg = Debug|Any CPU
		{2BAC7522-7157-49B1-8D30-996A4A505C18}.Debug|Any CPU.Build.0 = Debug|Any CPU
		{2BAC7522-7157-49B1-8D30-996A4A505C18}.Release|Any CPU.ActiveCfg = Release|Any CPU
		{2BAC7522-7157-49B1-8D30-996A4A505C18}.Release|Any CPU.Build.0 = Release|Any CPU
		{053C22DE-DAF0-4928-AC66-1ED335EAE540}.Debug|Any CPU.ActiveCfg = Debug|Any CPU
		{053C22DE-DAF0-4928-AC66-1ED335EAE540}.Debug|Any CPU.Build.0 = Debug|Any CPU
		{053C22DE-DAF0-4928-AC66-1ED335EAE540}.Release|Any CPU.ActiveCfg = Release|Any CPU
		{053C22DE-DAF0-4928-AC66-1ED335EAE540}.Release|Any CPU.Build.0 = Release|Any CPU
		{1E625CDB-0C04-464D-9DC7-7C6E7A32BC5C}.Debug|Any CPU.ActiveCfg = Debug|Any CPU
		{1E625CDB-0C04-464D-9DC7-7C6E7A32BC5C}.Debug|Any CPU.Build.0 = Debug|Any CPU
		{1E625CDB-0C04-464D-9DC7-7C6E7A32BC5C}.Release|Any CPU.ActiveCfg = Release|Any CPU
		{1E625CDB-0C04-464D-9DC7-7C6E7A32BC5C}.Release|Any CPU.Build.0 = Release|Any CPU
		{43168446-2233-4369-BEB2-35957BC84B25}.Debug|Any CPU.ActiveCfg = Debug|Any CPU
		{43168446-2233-4369-BEB2-35957BC84B25}.Debug|Any CPU.Build.0 = Debug|Any CPU
		{43168446-2233-4369-BEB2-35957BC84B25}.Release|Any CPU.ActiveCfg = Release|Any CPU
		{43168446-2233-4369-BEB2-35957BC84B25}.Release|Any CPU.Build.0 = Release|Any CPU
		{5294628A-8D69-47BC-894D-95D2EC46D670}.Debug|Any CPU.ActiveCfg = Debug|Any CPU
		{5294628A-8D69-47BC-894D-95D2EC46D670}.Debug|Any CPU.Build.0 = Debug|Any CPU
		{5294628A-8D69-47BC-894D-95D2EC46D670}.Release|Any CPU.ActiveCfg = Release|Any CPU
		{5294628A-8D69-47BC-894D-95D2EC46D670}.Release|Any CPU.Build.0 = Release|Any CPU
		{842E304B-4FEA-49CE-93DA-2B9BDA21382F}.Debug|Any CPU.ActiveCfg = Debug|Any CPU
		{842E304B-4FEA-49CE-93DA-2B9BDA21382F}.Debug|Any CPU.Build.0 = Debug|Any CPU
		{842E304B-4FEA-49CE-93DA-2B9BDA21382F}.Release|Any CPU.ActiveCfg = Release|Any CPU
		{842E304B-4FEA-49CE-93DA-2B9BDA21382F}.Release|Any CPU.Build.0 = Release|Any CPU
		{4CFC7DE6-6D78-49F0-9AE2-746043664210}.Debug|Any CPU.ActiveCfg = Debug|Any CPU
		{4CFC7DE6-6D78-49F0-9AE2-746043664210}.Debug|Any CPU.Build.0 = Debug|Any CPU
		{4CFC7DE6-6D78-49F0-9AE2-746043664210}.Release|Any CPU.ActiveCfg = Release|Any CPU
		{4CFC7DE6-6D78-49F0-9AE2-746043664210}.Release|Any CPU.Build.0 = Release|Any CPU
		{B36F1692-9994-4BE2-B313-43669A693DFB}.Debug|Any CPU.ActiveCfg = Debug|Any CPU
		{B36F1692-9994-4BE2-B313-43669A693DFB}.Debug|Any CPU.Build.0 = Debug|Any CPU
		{B36F1692-9994-4BE2-B313-43669A693DFB}.Release|Any CPU.ActiveCfg = Release|Any CPU
		{B36F1692-9994-4BE2-B313-43669A693DFB}.Release|Any CPU.Build.0 = Release|Any CPU
		{D00B6633-E74B-4267-9E8B-C9CA6BD37860}.Debug|Any CPU.ActiveCfg = Debug|Any CPU
		{D00B6633-E74B-4267-9E8B-C9CA6BD37860}.Debug|Any CPU.Build.0 = Debug|Any CPU
		{D00B6633-E74B-4267-9E8B-C9CA6BD37860}.Release|Any CPU.ActiveCfg = Release|Any CPU
		{D00B6633-E74B-4267-9E8B-C9CA6BD37860}.Release|Any CPU.Build.0 = Release|Any CPU
		{8C0B3109-2E48-4297-9C5B-5221EA603179}.Debug|Any CPU.ActiveCfg = Debug|Any CPU
		{8C0B3109-2E48-4297-9C5B-5221EA603179}.Debug|Any CPU.Build.0 = Debug|Any CPU
		{8C0B3109-2E48-4297-9C5B-5221EA603179}.Release|Any CPU.ActiveCfg = Release|Any CPU
		{8C0B3109-2E48-4297-9C5B-5221EA603179}.Release|Any CPU.Build.0 = Release|Any CPU
		{10308DA4-EEDD-4033-B6D3-8C256B13F173}.Debug|Any CPU.ActiveCfg = Debug|Any CPU
		{10308DA4-EEDD-4033-B6D3-8C256B13F173}.Debug|Any CPU.Build.0 = Debug|Any CPU
		{10308DA4-EEDD-4033-B6D3-8C256B13F173}.Release|Any CPU.ActiveCfg = Release|Any CPU
		{10308DA4-EEDD-4033-B6D3-8C256B13F173}.Release|Any CPU.Build.0 = Release|Any CPU
		{FAA0153D-9BB9-4BD1-90FF-8148C0A0CFFA}.Debug|Any CPU.ActiveCfg = Debug|Any CPU
		{FAA0153D-9BB9-4BD1-90FF-8148C0A0CFFA}.Debug|Any CPU.Build.0 = Debug|Any CPU
		{FAA0153D-9BB9-4BD1-90FF-8148C0A0CFFA}.Release|Any CPU.ActiveCfg = Release|Any CPU
		{FAA0153D-9BB9-4BD1-90FF-8148C0A0CFFA}.Release|Any CPU.Build.0 = Release|Any CPU
		{11195B31-66C1-4EDE-BB03-CDCEB909494A}.Debug|Any CPU.ActiveCfg = Debug|Any CPU
		{11195B31-66C1-4EDE-BB03-CDCEB909494A}.Debug|Any CPU.Build.0 = Debug|Any CPU
		{11195B31-66C1-4EDE-BB03-CDCEB909494A}.Release|Any CPU.ActiveCfg = Release|Any CPU
		{11195B31-66C1-4EDE-BB03-CDCEB909494A}.Release|Any CPU.Build.0 = Release|Any CPU
		{DD950BBD-39D4-47DD-A1D1-E1E7E2B73D65}.Debug|Any CPU.ActiveCfg = Debug|Any CPU
		{DD950BBD-39D4-47DD-A1D1-E1E7E2B73D65}.Debug|Any CPU.Build.0 = Debug|Any CPU
		{DD950BBD-39D4-47DD-A1D1-E1E7E2B73D65}.Release|Any CPU.ActiveCfg = Release|Any CPU
		{DD950BBD-39D4-47DD-A1D1-E1E7E2B73D65}.Release|Any CPU.Build.0 = Release|Any CPU
		{17119109-700B-4B45-A33A-F0C52AE024FE}.Debug|Any CPU.ActiveCfg = Debug|Any CPU
		{17119109-700B-4B45-A33A-F0C52AE024FE}.Debug|Any CPU.Build.0 = Debug|Any CPU
		{17119109-700B-4B45-A33A-F0C52AE024FE}.Release|Any CPU.ActiveCfg = Release|Any CPU
		{17119109-700B-4B45-A33A-F0C52AE024FE}.Release|Any CPU.Build.0 = Release|Any CPU
		{A1CC42D2-9CFE-45C1-BEAC-E79D3E1E8CB6}.Debug|Any CPU.ActiveCfg = Debug|Any CPU
		{A1CC42D2-9CFE-45C1-BEAC-E79D3E1E8CB6}.Debug|Any CPU.Build.0 = Debug|Any CPU
		{A1CC42D2-9CFE-45C1-BEAC-E79D3E1E8CB6}.Release|Any CPU.ActiveCfg = Release|Any CPU
		{A1CC42D2-9CFE-45C1-BEAC-E79D3E1E8CB6}.Release|Any CPU.Build.0 = Release|Any CPU
		{4C8660F7-5E98-4996-B01A-487B60083743}.Debug|Any CPU.ActiveCfg = Debug|Any CPU
		{4C8660F7-5E98-4996-B01A-487B60083743}.Debug|Any CPU.Build.0 = Debug|Any CPU
		{4C8660F7-5E98-4996-B01A-487B60083743}.Release|Any CPU.ActiveCfg = Release|Any CPU
		{4C8660F7-5E98-4996-B01A-487B60083743}.Release|Any CPU.Build.0 = Release|Any CPU
		{A8180057-17B3-40B2-A574-DBC9196AD74A}.Debug|Any CPU.ActiveCfg = Debug|Any CPU
		{A8180057-17B3-40B2-A574-DBC9196AD74A}.Debug|Any CPU.Build.0 = Debug|Any CPU
		{A8180057-17B3-40B2-A574-DBC9196AD74A}.Release|Any CPU.ActiveCfg = Release|Any CPU
		{A8180057-17B3-40B2-A574-DBC9196AD74A}.Release|Any CPU.Build.0 = Release|Any CPU
		{C21EB273-EC07-4F95-9675-835A6D038848}.Debug|Any CPU.ActiveCfg = Debug|Any CPU
		{C21EB273-EC07-4F95-9675-835A6D038848}.Debug|Any CPU.Build.0 = Debug|Any CPU
		{C21EB273-EC07-4F95-9675-835A6D038848}.Release|Any CPU.ActiveCfg = Release|Any CPU
		{C21EB273-EC07-4F95-9675-835A6D038848}.Release|Any CPU.Build.0 = Release|Any CPU
		{49748FEF-B431-42BE-8764-E6EE84E6C2DE}.Debug|Any CPU.ActiveCfg = Debug|Any CPU
		{49748FEF-B431-42BE-8764-E6EE84E6C2DE}.Debug|Any CPU.Build.0 = Debug|Any CPU
		{49748FEF-B431-42BE-8764-E6EE84E6C2DE}.Release|Any CPU.ActiveCfg = Release|Any CPU
		{49748FEF-B431-42BE-8764-E6EE84E6C2DE}.Release|Any CPU.Build.0 = Release|Any CPU
		{B05C3E42-FFD1-4CB7-B51A-A4D584E595B5}.Debug|Any CPU.ActiveCfg = Debug|Any CPU
		{B05C3E42-FFD1-4CB7-B51A-A4D584E595B5}.Debug|Any CPU.Build.0 = Debug|Any CPU
		{B05C3E42-FFD1-4CB7-B51A-A4D584E595B5}.Release|Any CPU.ActiveCfg = Release|Any CPU
		{B05C3E42-FFD1-4CB7-B51A-A4D584E595B5}.Release|Any CPU.Build.0 = Release|Any CPU
		{F9280D9A-080E-4C7A-8A05-F55828FC0587}.Debug|Any CPU.ActiveCfg = Debug|Any CPU
		{F9280D9A-080E-4C7A-8A05-F55828FC0587}.Debug|Any CPU.Build.0 = Debug|Any CPU
		{F9280D9A-080E-4C7A-8A05-F55828FC0587}.Release|Any CPU.ActiveCfg = Release|Any CPU
		{F9280D9A-080E-4C7A-8A05-F55828FC0587}.Release|Any CPU.Build.0 = Release|Any CPU
		{92AFE8D6-60B5-4CF1-BA32-9C8DB22322D1}.Debug|Any CPU.ActiveCfg = Debug|Any CPU
		{92AFE8D6-60B5-4CF1-BA32-9C8DB22322D1}.Debug|Any CPU.Build.0 = Debug|Any CPU
		{92AFE8D6-60B5-4CF1-BA32-9C8DB22322D1}.Release|Any CPU.ActiveCfg = Release|Any CPU
		{92AFE8D6-60B5-4CF1-BA32-9C8DB22322D1}.Release|Any CPU.Build.0 = Release|Any CPU
		{4D7541EC-8F29-47DF-B03E-1A0520B8955D}.Debug|Any CPU.ActiveCfg = Debug|Any CPU
		{4D7541EC-8F29-47DF-B03E-1A0520B8955D}.Debug|Any CPU.Build.0 = Debug|Any CPU
		{4D7541EC-8F29-47DF-B03E-1A0520B8955D}.Release|Any CPU.ActiveCfg = Release|Any CPU
		{4D7541EC-8F29-47DF-B03E-1A0520B8955D}.Release|Any CPU.Build.0 = Release|Any CPU
		{F1D79CFC-7E8E-4C61-84B8-AE6EEF46B6A0}.Debug|Any CPU.ActiveCfg = Debug|Any CPU
		{F1D79CFC-7E8E-4C61-84B8-AE6EEF46B6A0}.Debug|Any CPU.Build.0 = Debug|Any CPU
		{F1D79CFC-7E8E-4C61-84B8-AE6EEF46B6A0}.Release|Any CPU.ActiveCfg = Release|Any CPU
		{F1D79CFC-7E8E-4C61-84B8-AE6EEF46B6A0}.Release|Any CPU.Build.0 = Release|Any CPU
		{090F37D9-3755-49AB-B9EB-B12BA0B9664D}.Debug|Any CPU.ActiveCfg = Debug|Any CPU
		{090F37D9-3755-49AB-B9EB-B12BA0B9664D}.Debug|Any CPU.Build.0 = Debug|Any CPU
		{090F37D9-3755-49AB-B9EB-B12BA0B9664D}.Release|Any CPU.ActiveCfg = Release|Any CPU
		{090F37D9-3755-49AB-B9EB-B12BA0B9664D}.Release|Any CPU.Build.0 = Release|Any CPU
		{B853F991-731D-4D22-966C-0813AE91FA44}.Debug|Any CPU.ActiveCfg = Debug|Any CPU
		{B853F991-731D-4D22-966C-0813AE91FA44}.Debug|Any CPU.Build.0 = Debug|Any CPU
		{B853F991-731D-4D22-966C-0813AE91FA44}.Release|Any CPU.ActiveCfg = Release|Any CPU
		{B853F991-731D-4D22-966C-0813AE91FA44}.Release|Any CPU.Build.0 = Release|Any CPU
		{8034989A-B91E-4BD1-A7CC-1F8976227C09}.Debug|Any CPU.ActiveCfg = Debug|Any CPU
		{8034989A-B91E-4BD1-A7CC-1F8976227C09}.Debug|Any CPU.Build.0 = Debug|Any CPU
		{8034989A-B91E-4BD1-A7CC-1F8976227C09}.Release|Any CPU.ActiveCfg = Release|Any CPU
		{8034989A-B91E-4BD1-A7CC-1F8976227C09}.Release|Any CPU.Build.0 = Release|Any CPU
		{CF079E8A-2650-49C6-A56A-6A7E3EAAF392}.Debug|Any CPU.ActiveCfg = Debug|Any CPU
		{CF079E8A-2650-49C6-A56A-6A7E3EAAF392}.Debug|Any CPU.Build.0 = Debug|Any CPU
		{CF079E8A-2650-49C6-A56A-6A7E3EAAF392}.Release|Any CPU.ActiveCfg = Release|Any CPU
		{CF079E8A-2650-49C6-A56A-6A7E3EAAF392}.Release|Any CPU.Build.0 = Release|Any CPU
		{FCA6DC24-DADE-4F50-8EDB-09C06CBED445}.Debug|Any CPU.ActiveCfg = Debug|Any CPU
		{FCA6DC24-DADE-4F50-8EDB-09C06CBED445}.Debug|Any CPU.Build.0 = Debug|Any CPU
		{FCA6DC24-DADE-4F50-8EDB-09C06CBED445}.Release|Any CPU.ActiveCfg = Release|Any CPU
		{FCA6DC24-DADE-4F50-8EDB-09C06CBED445}.Release|Any CPU.Build.0 = Release|Any CPU
		{C7251EF2-D3BE-4404-9330-2BF924CD03A2}.Debug|Any CPU.ActiveCfg = Debug|Any CPU
		{C7251EF2-D3BE-4404-9330-2BF924CD03A2}.Debug|Any CPU.Build.0 = Debug|Any CPU
		{C7251EF2-D3BE-4404-9330-2BF924CD03A2}.Release|Any CPU.ActiveCfg = Release|Any CPU
		{C7251EF2-D3BE-4404-9330-2BF924CD03A2}.Release|Any CPU.Build.0 = Release|Any CPU
		{B9196682-016E-41A7-ADEE-366A43A35B44}.Debug|Any CPU.ActiveCfg = Debug|Any CPU
		{B9196682-016E-41A7-ADEE-366A43A35B44}.Debug|Any CPU.Build.0 = Debug|Any CPU
		{B9196682-016E-41A7-ADEE-366A43A35B44}.Release|Any CPU.ActiveCfg = Release|Any CPU
		{B9196682-016E-41A7-ADEE-366A43A35B44}.Release|Any CPU.Build.0 = Release|Any CPU
		{891CFEDF-649D-43DA-9F84-C95B739744AC}.Debug|Any CPU.ActiveCfg = Debug|Any CPU
		{891CFEDF-649D-43DA-9F84-C95B739744AC}.Debug|Any CPU.Build.0 = Debug|Any CPU
		{891CFEDF-649D-43DA-9F84-C95B739744AC}.Release|Any CPU.ActiveCfg = Release|Any CPU
		{891CFEDF-649D-43DA-9F84-C95B739744AC}.Release|Any CPU.Build.0 = Release|Any CPU
		{2A7F7E60-CEAF-4AAC-8A65-D286257257D3}.Debug|Any CPU.ActiveCfg = Debug|Any CPU
		{2A7F7E60-CEAF-4AAC-8A65-D286257257D3}.Debug|Any CPU.Build.0 = Debug|Any CPU
		{2A7F7E60-CEAF-4AAC-8A65-D286257257D3}.Release|Any CPU.ActiveCfg = Release|Any CPU
		{2A7F7E60-CEAF-4AAC-8A65-D286257257D3}.Release|Any CPU.Build.0 = Release|Any CPU
		{173916AF-AE54-4448-A457-702D7E5EC370}.Debug|Any CPU.ActiveCfg = Debug|Any CPU
		{173916AF-AE54-4448-A457-702D7E5EC370}.Debug|Any CPU.Build.0 = Debug|Any CPU
		{173916AF-AE54-4448-A457-702D7E5EC370}.Release|Any CPU.ActiveCfg = Release|Any CPU
		{173916AF-AE54-4448-A457-702D7E5EC370}.Release|Any CPU.Build.0 = Release|Any CPU
		{44CF3EA4-11C2-4055-8834-B97F0206C8E6}.Debug|Any CPU.ActiveCfg = Debug|Any CPU
		{44CF3EA4-11C2-4055-8834-B97F0206C8E6}.Debug|Any CPU.Build.0 = Debug|Any CPU
		{44CF3EA4-11C2-4055-8834-B97F0206C8E6}.Release|Any CPU.ActiveCfg = Release|Any CPU
		{44CF3EA4-11C2-4055-8834-B97F0206C8E6}.Release|Any CPU.Build.0 = Release|Any CPU
		{EAFC5470-2A42-4AD6-8776-D3D6D1D8B300}.Debug|Any CPU.ActiveCfg = Debug|Any CPU
		{EAFC5470-2A42-4AD6-8776-D3D6D1D8B300}.Debug|Any CPU.Build.0 = Debug|Any CPU
		{EAFC5470-2A42-4AD6-8776-D3D6D1D8B300}.Release|Any CPU.ActiveCfg = Release|Any CPU
		{EAFC5470-2A42-4AD6-8776-D3D6D1D8B300}.Release|Any CPU.Build.0 = Release|Any CPU
		{89AFDBE5-4911-4531-A400-1E8F07A0B4F7}.Debug|Any CPU.ActiveCfg = Debug|Any CPU
		{89AFDBE5-4911-4531-A400-1E8F07A0B4F7}.Debug|Any CPU.Build.0 = Debug|Any CPU
		{89AFDBE5-4911-4531-A400-1E8F07A0B4F7}.Release|Any CPU.ActiveCfg = Release|Any CPU
		{89AFDBE5-4911-4531-A400-1E8F07A0B4F7}.Release|Any CPU.Build.0 = Release|Any CPU
		{F832A881-031F-40A8-877F-49B88C6BE766}.Debug|Any CPU.ActiveCfg = Debug|Any CPU
		{F832A881-031F-40A8-877F-49B88C6BE766}.Debug|Any CPU.Build.0 = Debug|Any CPU
		{F832A881-031F-40A8-877F-49B88C6BE766}.Release|Any CPU.ActiveCfg = Release|Any CPU
		{F832A881-031F-40A8-877F-49B88C6BE766}.Release|Any CPU.Build.0 = Release|Any CPU
		{DBAB43F4-2BBD-4458-8EE3-350A6662A4D3}.Debug|Any CPU.ActiveCfg = Debug|Any CPU
		{DBAB43F4-2BBD-4458-8EE3-350A6662A4D3}.Debug|Any CPU.Build.0 = Debug|Any CPU
		{DBAB43F4-2BBD-4458-8EE3-350A6662A4D3}.Release|Any CPU.ActiveCfg = Release|Any CPU
		{DBAB43F4-2BBD-4458-8EE3-350A6662A4D3}.Release|Any CPU.Build.0 = Release|Any CPU
		{B529EF95-ADB5-4218-A4A7-1B191A23F4E4}.Debug|Any CPU.ActiveCfg = Debug|Any CPU
		{B529EF95-ADB5-4218-A4A7-1B191A23F4E4}.Debug|Any CPU.Build.0 = Debug|Any CPU
		{B529EF95-ADB5-4218-A4A7-1B191A23F4E4}.Release|Any CPU.ActiveCfg = Release|Any CPU
		{B529EF95-ADB5-4218-A4A7-1B191A23F4E4}.Release|Any CPU.Build.0 = Release|Any CPU
		{4B039AA1-6171-40EC-AB2B-FB46A6767DEC}.Debug|Any CPU.ActiveCfg = Debug|Any CPU
		{4B039AA1-6171-40EC-AB2B-FB46A6767DEC}.Debug|Any CPU.Build.0 = Debug|Any CPU
		{4B039AA1-6171-40EC-AB2B-FB46A6767DEC}.Release|Any CPU.ActiveCfg = Release|Any CPU
		{4B039AA1-6171-40EC-AB2B-FB46A6767DEC}.Release|Any CPU.Build.0 = Release|Any CPU
		{CD98AD29-A41B-4F22-9DA6-EB6BD40B66CC}.Debug|Any CPU.ActiveCfg = Debug|Any CPU
		{CD98AD29-A41B-4F22-9DA6-EB6BD40B66CC}.Debug|Any CPU.Build.0 = Debug|Any CPU
		{CD98AD29-A41B-4F22-9DA6-EB6BD40B66CC}.Release|Any CPU.ActiveCfg = Release|Any CPU
		{CD98AD29-A41B-4F22-9DA6-EB6BD40B66CC}.Release|Any CPU.Build.0 = Release|Any CPU
		{F5C8652D-747E-4025-AD45-3F36631A3120}.Debug|Any CPU.ActiveCfg = Debug|Any CPU
		{F5C8652D-747E-4025-AD45-3F36631A3120}.Debug|Any CPU.Build.0 = Debug|Any CPU
		{F5C8652D-747E-4025-AD45-3F36631A3120}.Release|Any CPU.ActiveCfg = Release|Any CPU
		{F5C8652D-747E-4025-AD45-3F36631A3120}.Release|Any CPU.Build.0 = Release|Any CPU
		{CE0BBF31-4D34-4241-88CB-A28EE45E8769}.Debug|Any CPU.ActiveCfg = Debug|Any CPU
		{CE0BBF31-4D34-4241-88CB-A28EE45E8769}.Debug|Any CPU.Build.0 = Debug|Any CPU
		{CE0BBF31-4D34-4241-88CB-A28EE45E8769}.Release|Any CPU.ActiveCfg = Release|Any CPU
		{CE0BBF31-4D34-4241-88CB-A28EE45E8769}.Release|Any CPU.Build.0 = Release|Any CPU
		{2AA715CC-BB1F-4667-9CB6-E14A272718C8}.Debug|Any CPU.ActiveCfg = Debug|Any CPU
		{2AA715CC-BB1F-4667-9CB6-E14A272718C8}.Debug|Any CPU.Build.0 = Debug|Any CPU
		{2AA715CC-BB1F-4667-9CB6-E14A272718C8}.Release|Any CPU.ActiveCfg = Release|Any CPU
		{2AA715CC-BB1F-4667-9CB6-E14A272718C8}.Release|Any CPU.Build.0 = Release|Any CPU
		{A2C106B1-8D45-46B6-8237-2C58468A240F}.Debug|Any CPU.ActiveCfg = Debug|Any CPU
		{A2C106B1-8D45-46B6-8237-2C58468A240F}.Debug|Any CPU.Build.0 = Debug|Any CPU
		{A2C106B1-8D45-46B6-8237-2C58468A240F}.Release|Any CPU.ActiveCfg = Release|Any CPU
		{A2C106B1-8D45-46B6-8237-2C58468A240F}.Release|Any CPU.Build.0 = Release|Any CPU
		{8B7D5F3F-9A03-4C6E-931E-30AAAD4529EB}.Debug|Any CPU.ActiveCfg = Debug|Any CPU
		{8B7D5F3F-9A03-4C6E-931E-30AAAD4529EB}.Debug|Any CPU.Build.0 = Debug|Any CPU
		{8B7D5F3F-9A03-4C6E-931E-30AAAD4529EB}.Release|Any CPU.ActiveCfg = Release|Any CPU
		{8B7D5F3F-9A03-4C6E-931E-30AAAD4529EB}.Release|Any CPU.Build.0 = Release|Any CPU
		{5661AE4D-8400-490A-A77E-E2B69EA4145E}.Debug|Any CPU.ActiveCfg = Debug|Any CPU
		{5661AE4D-8400-490A-A77E-E2B69EA4145E}.Debug|Any CPU.Build.0 = Debug|Any CPU
		{5661AE4D-8400-490A-A77E-E2B69EA4145E}.Release|Any CPU.ActiveCfg = Release|Any CPU
		{5661AE4D-8400-490A-A77E-E2B69EA4145E}.Release|Any CPU.Build.0 = Release|Any CPU
		{03144B87-40F8-4288-908B-342684CB0195}.Debug|Any CPU.ActiveCfg = Debug|Any CPU
		{03144B87-40F8-4288-908B-342684CB0195}.Debug|Any CPU.Build.0 = Debug|Any CPU
		{03144B87-40F8-4288-908B-342684CB0195}.Release|Any CPU.ActiveCfg = Release|Any CPU
		{03144B87-40F8-4288-908B-342684CB0195}.Release|Any CPU.Build.0 = Release|Any CPU
	EndGlobalSection
	GlobalSection(SolutionProperties) = preSolution
		HideSolutionNode = FALSE
	EndGlobalSection
	GlobalSection(NestedProjects) = preSolution
		{8034989A-B91E-4BD1-A7CC-1F8976227C09} = {3083684A-E289-4407-ABD8-9A7FC2FFE032}
		{CF079E8A-2650-49C6-A56A-6A7E3EAAF392} = {3083684A-E289-4407-ABD8-9A7FC2FFE032}
		{FCA6DC24-DADE-4F50-8EDB-09C06CBED445} = {3083684A-E289-4407-ABD8-9A7FC2FFE032}
		{C7251EF2-D3BE-4404-9330-2BF924CD03A2} = {3083684A-E289-4407-ABD8-9A7FC2FFE032}
		{B9196682-016E-41A7-ADEE-366A43A35B44} = {3083684A-E289-4407-ABD8-9A7FC2FFE032}
		{891CFEDF-649D-43DA-9F84-C95B739744AC} = {3083684A-E289-4407-ABD8-9A7FC2FFE032}
		{2A7F7E60-CEAF-4AAC-8A65-D286257257D3} = {3083684A-E289-4407-ABD8-9A7FC2FFE032}
		{173916AF-AE54-4448-A457-702D7E5EC370} = {3083684A-E289-4407-ABD8-9A7FC2FFE032}
		{44CF3EA4-11C2-4055-8834-B97F0206C8E6} = {3083684A-E289-4407-ABD8-9A7FC2FFE032}
		{EAFC5470-2A42-4AD6-8776-D3D6D1D8B300} = {3083684A-E289-4407-ABD8-9A7FC2FFE032}
		{89AFDBE5-4911-4531-A400-1E8F07A0B4F7} = {3083684A-E289-4407-ABD8-9A7FC2FFE032}
		{F832A881-031F-40A8-877F-49B88C6BE766} = {3083684A-E289-4407-ABD8-9A7FC2FFE032}
		{DBAB43F4-2BBD-4458-8EE3-350A6662A4D3} = {3083684A-E289-4407-ABD8-9A7FC2FFE032}
		{B529EF95-ADB5-4218-A4A7-1B191A23F4E4} = {3083684A-E289-4407-ABD8-9A7FC2FFE032}
		{4B039AA1-6171-40EC-AB2B-FB46A6767DEC} = {F3F4F6F3-4C08-4C52-88CA-B9852BF4E452}
		{CD98AD29-A41B-4F22-9DA6-EB6BD40B66CC} = {F3F4F6F3-4C08-4C52-88CA-B9852BF4E452}
		{F5C8652D-747E-4025-AD45-3F36631A3120} = {F3F4F6F3-4C08-4C52-88CA-B9852BF4E452}
		{CE0BBF31-4D34-4241-88CB-A28EE45E8769} = {F3F4F6F3-4C08-4C52-88CA-B9852BF4E452}
		{2AA715CC-BB1F-4667-9CB6-E14A272718C8} = {F3F4F6F3-4C08-4C52-88CA-B9852BF4E452}
		{A2C106B1-8D45-46B6-8237-2C58468A240F} = {F3F4F6F3-4C08-4C52-88CA-B9852BF4E452}
		{8B7D5F3F-9A03-4C6E-931E-30AAAD4529EB} = {F3F4F6F3-4C08-4C52-88CA-B9852BF4E452}
		{5661AE4D-8400-490A-A77E-E2B69EA4145E} = {F3F4F6F3-4C08-4C52-88CA-B9852BF4E452}
		{03144B87-40F8-4288-908B-342684CB0195} = {9220D2FD-FA6C-43A0-839B-353701E77955}
	EndGlobalSection
	GlobalSection(ExtensibilityGlobals) = postSolution
		SolutionGuid = {2E099459-EAA2-41DE-B531-270E18D8839B}
	EndGlobalSection
EndGlobal
