
Microsoft Visual Studio Solution File, Format Version 12.00
# Visual Studio 15
VisualStudioVersion = 15.0.28307.705
MinimumVisualStudioVersion = 10.0.40219.1
Project("{FAE04EC0-301F-11D3-BF4B-00C04F79EFBC}") = "Rotate Array", "Rotate Array\Rotate Array.csproj", "{2BAC7522-7157-49B1-8D30-996A4A505C18}"
EndProject
Project("{FAE04EC0-301F-11D3-BF4B-00C04F79EFBC}") = "Leaders in Array", "Leaders in Array\Leaders in Array.csproj", "{F9A59219-4356-4A51-AFC4-61E5F7ACA0E2}"
EndProject
Project("{FAE04EC0-301F-11D3-BF4B-00C04F79EFBC}") = "Missing number in an array", "Missing number in an array\Missing number in an array.csproj", "{053C22DE-DAF0-4928-AC66-1ED335EAE540}"
EndProject
Project("{FAE04EC0-301F-11D3-BF4B-00C04F79EFBC}") = "Count the zeros", "Count the zeros\Count the zeros.csproj", "{1E625CDB-0C04-464D-9DC7-7C6E7A32BC5C}"
EndProject
Project("{FAE04EC0-301F-11D3-BF4B-00C04F79EFBC}") = "Consecutive Elements", "Consecutive Elements\Consecutive Elements.csproj", "{43168446-2233-4369-BEB2-35957BC84B25}"
EndProject
Project("{FAE04EC0-301F-11D3-BF4B-00C04F79EFBC}") = "Count occurrences of anagram", "Count occurrences of anagram\Count occurrences of anagram.csproj", "{5294628A-8D69-47BC-894D-95D2EC46D670}"
EndProject
Project("{FAE04EC0-301F-11D3-BF4B-00C04F79EFBC}") = "Largest number formed from array", "Largest number formed from array\Largest number formed from array.csproj", "{842E304B-4FEA-49CE-93DA-2B9BDA21382F}"
EndProject
Project("{FAE04EC0-301F-11D3-BF4B-00C04F79EFBC}") = "Reverse each word in string", "Reverse each word in string\Reverse each word in string.csproj", "{4CFC7DE6-6D78-49F0-9AE2-746043664210}"
EndProject
Global
	GlobalSection(SolutionConfigurationPlatforms) = preSolution
		Debug|Any CPU = Debug|Any CPU
		Release|Any CPU = Release|Any CPU
	EndGlobalSection
	GlobalSection(ProjectConfigurationPlatforms) = postSolution
		{2BAC7522-7157-49B1-8D30-996A4A505C18}.Debug|Any CPU.ActiveCfg = Debug|Any CPU
		{2BAC7522-7157-49B1-8D30-996A4A505C18}.Debug|Any CPU.Build.0 = Debug|Any CPU
		{2BAC7522-7157-49B1-8D30-996A4A505C18}.Release|Any CPU.ActiveCfg = Release|Any CPU
		{2BAC7522-7157-49B1-8D30-996A4A505C18}.Release|Any CPU.Build.0 = Release|Any CPU
		{F9A59219-4356-4A51-AFC4-61E5F7ACA0E2}.Debug|Any CPU.ActiveCfg = Debug|Any CPU
		{F9A59219-4356-4A51-AFC4-61E5F7ACA0E2}.Debug|Any CPU.Build.0 = Debug|Any CPU
		{F9A59219-4356-4A51-AFC4-61E5F7ACA0E2}.Release|Any CPU.ActiveCfg = Release|Any CPU
		{F9A59219-4356-4A51-AFC4-61E5F7ACA0E2}.Release|Any CPU.Build.0 = Release|Any CPU
		{053C22DE-DAF0-4928-AC66-1ED335EAE540}.Debug|Any CPU.ActiveCfg = Debug|Any CPU
		{053C22DE-DAF0-4928-AC66-1ED335EAE540}.Debug|Any CPU.Build.0 = Debug|Any CPU
		{053C22DE-DAF0-4928-AC66-1ED335EAE540}.Release|Any CPU.ActiveCfg = Release|Any CPU
		{053C22DE-DAF0-4928-AC66-1ED335EAE540}.Release|Any CPU.Build.0 = Release|Any CPU
		{1E625CDB-0C04-464D-9DC7-7C6E7A32BC5C}.Debug|Any CPU.ActiveCfg = Debug|Any CPU
		{1E625CDB-0C04-464D-9DC7-7C6E7A32BC5C}.Debug|Any CPU.Build.0 = Debug|Any CPU
		{1E625CDB-0C04-464D-9DC7-7C6E7A32BC5C}.Release|Any CPU.ActiveCfg = Release|Any CPU
		{1E625CDB-0C04-464D-9DC7-7C6E7A32BC5C}.Release|Any CPU.Build.0 = Release|Any CPU
		{43168446-2233-4369-BEB2-35957BC84B25}.Debug|Any CPU.ActiveCfg = Debug|Any CPU
		{43168446-2233-4369-BEB2-35957BC84B25}.Debug|Any CPU.Build.0 = Debug|Any CPU
		{43168446-2233-4369-BEB2-35957BC84B25}.Release|Any CPU.ActiveCfg = Release|Any CPU
		{43168446-2233-4369-BEB2-35957BC84B25}.Release|Any CPU.Build.0 = Release|Any CPU
		{5294628A-8D69-47BC-894D-95D2EC46D670}.Debug|Any CPU.ActiveCfg = Debug|Any CPU
		{5294628A-8D69-47BC-894D-95D2EC46D670}.Debug|Any CPU.Build.0 = Debug|Any CPU
		{5294628A-8D69-47BC-894D-95D2EC46D670}.Release|Any CPU.ActiveCfg = Release|Any CPU
		{5294628A-8D69-47BC-894D-95D2EC46D670}.Release|Any CPU.Build.0 = Release|Any CPU
		{842E304B-4FEA-49CE-93DA-2B9BDA21382F}.Debug|Any CPU.ActiveCfg = Debug|Any CPU
		{842E304B-4FEA-49CE-93DA-2B9BDA21382F}.Debug|Any CPU.Build.0 = Debug|Any CPU
		{842E304B-4FEA-49CE-93DA-2B9BDA21382F}.Release|Any CPU.ActiveCfg = Release|Any CPU
		{842E304B-4FEA-49CE-93DA-2B9BDA21382F}.Release|Any CPU.Build.0 = Release|Any CPU
		{4CFC7DE6-6D78-49F0-9AE2-746043664210}.Debug|Any CPU.ActiveCfg = Debug|Any CPU
		{4CFC7DE6-6D78-49F0-9AE2-746043664210}.Debug|Any CPU.Build.0 = Debug|Any CPU
		{4CFC7DE6-6D78-49F0-9AE2-746043664210}.Release|Any CPU.ActiveCfg = Release|Any CPU
		{4CFC7DE6-6D78-49F0-9AE2-746043664210}.Release|Any CPU.Build.0 = Release|Any CPU
	EndGlobalSection
	GlobalSection(SolutionProperties) = preSolution
		HideSolutionNode = FALSE
	EndGlobalSection
	GlobalSection(ExtensibilityGlobals) = postSolution
		SolutionGuid = {2E099459-EAA2-41DE-B531-270E18D8839B}
	EndGlobalSection
EndGlobal
